[[package]]
name = "cffi"
version = "1.15.0"
description = "Foreign Function Interface for Python calling C code."
category = "main"
optional = false
python-versions = "*"

[package.dependencies]
pycparser = "*"

[[package]]
name = "et-xmlfile"
version = "1.1.0"
description = "An implementation of lxml.xmlfile for the standard library"
category = "main"
optional = false
python-versions = ">=3.6"

[[package]]
name = "numpy"
version = "1.21.4"
description = "NumPy is the fundamental package for array computing with Python."
category = "main"
optional = false
python-versions = ">=3.7,<3.11"

[[package]]
name = "openpyxl"
version = "3.0.9"
description = "A Python library to read/write Excel 2010 xlsx/xlsm files"
category = "main"
optional = false
python-versions = ">=3.6"

[package.dependencies]
et-xmlfile = "*"

[[package]]
name = "pandas"
version = "1.3.4"
description = "Powerful data structures for data analysis, time series, and statistics"
category = "main"
optional = false
python-versions = ">=3.7.1"

[package.dependencies]
numpy = [
    {version = ">=1.17.3", markers = "platform_machine != \"aarch64\" and platform_machine != \"arm64\" and python_version < \"3.10\""},
    {version = ">=1.19.2", markers = "platform_machine == \"aarch64\" and python_version < \"3.10\""},
    {version = ">=1.20.0", markers = "platform_machine == \"arm64\" and python_version < \"3.10\""},
    {version = ">=1.21.0", markers = "python_version >= \"3.10\""},
]
python-dateutil = ">=2.7.3"
pytz = ">=2017.3"

[package.extras]
test = ["hypothesis (>=3.58)", "pytest (>=6.0)", "pytest-xdist"]

[[package]]
name = "pycparser"
version = "2.21"
description = "C parser in Python"
category = "main"
optional = false
python-versions = ">=2.7, !=3.0.*, !=3.1.*, !=3.2.*, !=3.3.*"

[[package]]
name = "pygit2"
version = "1.7.1"
description = "Python bindings for libgit2."
category = "main"
optional = false
python-versions = ">=3.7"

[package.dependencies]
cffi = ">=1.4.0"

[[package]]
name = "python-dateutil"
version = "2.8.2"
description = "Extensions to the standard Python datetime module"
category = "main"
optional = false
python-versions = "!=3.0.*,!=3.1.*,!=3.2.*,>=2.7"

[package.dependencies]
six = ">=1.5"

[[package]]
name = "pytz"
version = "2021.3"
description = "World timezone definitions, modern and historical"
category = "main"
optional = false
python-versions = "*"

[[package]]
name = "six"
version = "1.16.0"
description = "Python 2 and 3 compatibility utilities"
category = "main"
optional = false
python-versions = ">=2.7, !=3.0.*, !=3.1.*, !=3.2.*"

[metadata]
lock-version = "1.1"
python-versions = "^3.8"
content-hash = "ae5959e0ffc6ded598ae826ebeda6e67307c9242ea6eac179ad33f1b58578eb1"

[metadata.files]
cffi = [
    {file = "cffi-1.15.0-cp27-cp27m-macosx_10_9_x86_64.whl", hash = "sha256:c2502a1a03b6312837279c8c1bd3ebedf6c12c4228ddbad40912d671ccc8a962"},
    {file = "cffi-1.15.0-cp27-cp27m-manylinux1_i686.whl", hash = "sha256:23cfe892bd5dd8941608f93348c0737e369e51c100d03718f108bf1add7bd6d0"},
    {file = "cffi-1.15.0-cp27-cp27m-manylinux1_x86_64.whl", hash = "sha256:41d45de54cd277a7878919867c0f08b0cf817605e4eb94093e7516505d3c8d14"},
    {file = "cffi-1.15.0-cp27-cp27m-win32.whl", hash = "sha256:4a306fa632e8f0928956a41fa8e1d6243c71e7eb59ffbd165fc0b41e316b2474"},
    {file = "cffi-1.15.0-cp27-cp27m-win_amd64.whl", hash = "sha256:e7022a66d9b55e93e1a845d8c9eba2a1bebd4966cd8bfc25d9cd07d515b33fa6"},
    {file = "cffi-1.15.0-cp27-cp27mu-manylinux1_i686.whl", hash = "sha256:14cd121ea63ecdae71efa69c15c5543a4b5fbcd0bbe2aad864baca0063cecf27"},
    {file = "cffi-1.15.0-cp27-cp27mu-manylinux1_x86_64.whl", hash = "sha256:d4d692a89c5cf08a8557fdeb329b82e7bf609aadfaed6c0d79f5a449a3c7c023"},
    {file = "cffi-1.15.0-cp310-cp310-macosx_10_9_x86_64.whl", hash = "sha256:0104fb5ae2391d46a4cb082abdd5c69ea4eab79d8d44eaaf79f1b1fd806ee4c2"},
    {file = "cffi-1.15.0-cp310-cp310-macosx_11_0_arm64.whl", hash = "sha256:91ec59c33514b7c7559a6acda53bbfe1b283949c34fe7440bcf917f96ac0723e"},
    {file = "cffi-1.15.0-cp310-cp310-manylinux_2_12_i686.manylinux2010_i686.whl", hash = "sha256:f5c7150ad32ba43a07c4479f40241756145a1f03b43480e058cfd862bf5041c7"},
    {file = "cffi-1.15.0-cp310-cp310-manylinux_2_12_x86_64.manylinux2010_x86_64.whl", hash = "sha256:00c878c90cb53ccfaae6b8bc18ad05d2036553e6d9d1d9dbcf323bbe83854ca3"},
    {file = "cffi-1.15.0-cp310-cp310-manylinux_2_17_aarch64.manylinux2014_aarch64.whl", hash = "sha256:abb9a20a72ac4e0fdb50dae135ba5e77880518e742077ced47eb1499e29a443c"},
    {file = "cffi-1.15.0-cp310-cp310-manylinux_2_17_ppc64le.manylinux2014_ppc64le.whl", hash = "sha256:a5263e363c27b653a90078143adb3d076c1a748ec9ecc78ea2fb916f9b861962"},
    {file = "cffi-1.15.0-cp310-cp310-manylinux_2_17_s390x.manylinux2014_s390x.whl", hash = "sha256:f54a64f8b0c8ff0b64d18aa76675262e1700f3995182267998c31ae974fbc382"},
    {file = "cffi-1.15.0-cp310-cp310-win32.whl", hash = "sha256:c21c9e3896c23007803a875460fb786118f0cdd4434359577ea25eb556e34c55"},
    {file = "cffi-1.15.0-cp310-cp310-win_amd64.whl", hash = "sha256:5e069f72d497312b24fcc02073d70cb989045d1c91cbd53979366077959933e0"},
    {file = "cffi-1.15.0-cp36-cp36m-macosx_10_9_x86_64.whl", hash = "sha256:64d4ec9f448dfe041705426000cc13e34e6e5bb13736e9fd62e34a0b0c41566e"},
    {file = "cffi-1.15.0-cp36-cp36m-manylinux_2_17_aarch64.manylinux2014_aarch64.whl", hash = "sha256:2756c88cbb94231c7a147402476be2c4df2f6078099a6f4a480d239a8817ae39"},
    {file = "cffi-1.15.0-cp36-cp36m-manylinux_2_17_ppc64le.manylinux2014_ppc64le.whl", hash = "sha256:3b96a311ac60a3f6be21d2572e46ce67f09abcf4d09344c49274eb9e0bf345fc"},
    {file = "cffi-1.15.0-cp36-cp36m-manylinux_2_17_s390x.manylinux2014_s390x.whl", hash = "sha256:75e4024375654472cc27e91cbe9eaa08567f7fbdf822638be2814ce059f58032"},
    {file = "cffi-1.15.0-cp36-cp36m-manylinux_2_5_i686.manylinux1_i686.whl", hash = "sha256:59888172256cac5629e60e72e86598027aca6bf01fa2465bdb676d37636573e8"},
    {file = "cffi-1.15.0-cp36-cp36m-manylinux_2_5_x86_64.manylinux1_x86_64.whl", hash = "sha256:27c219baf94952ae9d50ec19651a687b826792055353d07648a5695413e0c605"},
    {file = "cffi-1.15.0-cp36-cp36m-win32.whl", hash = "sha256:4958391dbd6249d7ad855b9ca88fae690783a6be9e86df65865058ed81fc860e"},
    {file = "cffi-1.15.0-cp36-cp36m-win_amd64.whl", hash = "sha256:f6f824dc3bce0edab5f427efcfb1d63ee75b6fcb7282900ccaf925be84efb0fc"},
    {file = "cffi-1.15.0-cp37-cp37m-macosx_10_9_x86_64.whl", hash = "sha256:06c48159c1abed75c2e721b1715c379fa3200c7784271b3c46df01383b593636"},
    {file = "cffi-1.15.0-cp37-cp37m-manylinux_2_12_i686.manylinux2010_i686.whl", hash = "sha256:c2051981a968d7de9dd2d7b87bcb9c939c74a34626a6e2f8181455dd49ed69e4"},
    {file = "cffi-1.15.0-cp37-cp37m-manylinux_2_12_x86_64.manylinux2010_x86_64.whl", hash = "sha256:fd8a250edc26254fe5b33be00402e6d287f562b6a5b2152dec302fa15bb3e997"},
    {file = "cffi-1.15.0-cp37-cp37m-manylinux_2_17_aarch64.manylinux2014_aarch64.whl", hash = "sha256:91d77d2a782be4274da750752bb1650a97bfd8f291022b379bb8e01c66b4e96b"},
    {file = "cffi-1.15.0-cp37-cp37m-manylinux_2_17_ppc64le.manylinux2014_ppc64le.whl", hash = "sha256:45db3a33139e9c8f7c09234b5784a5e33d31fd6907800b316decad50af323ff2"},
    {file = "cffi-1.15.0-cp37-cp37m-manylinux_2_17_s390x.manylinux2014_s390x.whl", hash = "sha256:263cc3d821c4ab2213cbe8cd8b355a7f72a8324577dc865ef98487c1aeee2bc7"},
    {file = "cffi-1.15.0-cp37-cp37m-win32.whl", hash = "sha256:17771976e82e9f94976180f76468546834d22a7cc404b17c22df2a2c81db0c66"},
    {file = "cffi-1.15.0-cp37-cp37m-win_amd64.whl", hash = "sha256:3415c89f9204ee60cd09b235810be700e993e343a408693e80ce7f6a40108029"},
    {file = "cffi-1.15.0-cp38-cp38-macosx_10_9_x86_64.whl", hash = "sha256:4238e6dab5d6a8ba812de994bbb0a79bddbdf80994e4ce802b6f6f3142fcc880"},
    {file = "cffi-1.15.0-cp38-cp38-manylinux_2_12_i686.manylinux2010_i686.whl", hash = "sha256:0808014eb713677ec1292301ea4c81ad277b6cdf2fdd90fd540af98c0b101d20"},
    {file = "cffi-1.15.0-cp38-cp38-manylinux_2_12_x86_64.manylinux2010_x86_64.whl", hash = "sha256:57e9ac9ccc3101fac9d6014fba037473e4358ef4e89f8e181f8951a2c0162024"},
    {file = "cffi-1.15.0-cp38-cp38-manylinux_2_17_aarch64.manylinux2014_aarch64.whl", hash = "sha256:8b6c2ea03845c9f501ed1313e78de148cd3f6cad741a75d43a29b43da27f2e1e"},
    {file = "cffi-1.15.0-cp38-cp38-manylinux_2_17_ppc64le.manylinux2014_ppc64le.whl", hash = "sha256:10dffb601ccfb65262a27233ac273d552ddc4d8ae1bf93b21c94b8511bffe728"},
    {file = "cffi-1.15.0-cp38-cp38-manylinux_2_17_s390x.manylinux2014_s390x.whl", hash = "sha256:786902fb9ba7433aae840e0ed609f45c7bcd4e225ebb9c753aa39725bb3e6ad6"},
    {file = "cffi-1.15.0-cp38-cp38-win32.whl", hash = "sha256:da5db4e883f1ce37f55c667e5c0de439df76ac4cb55964655906306918e7363c"},
    {file = "cffi-1.15.0-cp38-cp38-win_amd64.whl", hash = "sha256:181dee03b1170ff1969489acf1c26533710231c58f95534e3edac87fff06c443"},
    {file = "cffi-1.15.0-cp39-cp39-macosx_10_9_x86_64.whl", hash = "sha256:45e8636704eacc432a206ac7345a5d3d2c62d95a507ec70d62f23cd91770482a"},
    {file = "cffi-1.15.0-cp39-cp39-macosx_11_0_arm64.whl", hash = "sha256:31fb708d9d7c3f49a60f04cf5b119aeefe5644daba1cd2a0fe389b674fd1de37"},
    {file = "cffi-1.15.0-cp39-cp39-manylinux_2_12_i686.manylinux2010_i686.whl", hash = "sha256:6dc2737a3674b3e344847c8686cf29e500584ccad76204efea14f451d4cc669a"},
    {file = "cffi-1.15.0-cp39-cp39-manylinux_2_12_x86_64.manylinux2010_x86_64.whl", hash = "sha256:74fdfdbfdc48d3f47148976f49fab3251e550a8720bebc99bf1483f5bfb5db3e"},
    {file = "cffi-1.15.0-cp39-cp39-manylinux_2_17_aarch64.manylinux2014_aarch64.whl", hash = "sha256:ffaa5c925128e29efbde7301d8ecaf35c8c60ffbcd6a1ffd3a552177c8e5e796"},
    {file = "cffi-1.15.0-cp39-cp39-manylinux_2_17_ppc64le.manylinux2014_ppc64le.whl", hash = "sha256:3f7d084648d77af029acb79a0ff49a0ad7e9d09057a9bf46596dac9514dc07df"},
    {file = "cffi-1.15.0-cp39-cp39-manylinux_2_17_s390x.manylinux2014_s390x.whl", hash = "sha256:ef1f279350da2c586a69d32fc8733092fd32cc8ac95139a00377841f59a3f8d8"},
    {file = "cffi-1.15.0-cp39-cp39-win32.whl", hash = "sha256:2a23af14f408d53d5e6cd4e3d9a24ff9e05906ad574822a10563efcef137979a"},
    {file = "cffi-1.15.0-cp39-cp39-win_amd64.whl", hash = "sha256:3773c4d81e6e818df2efbc7dd77325ca0dcb688116050fb2b3011218eda36139"},
    {file = "cffi-1.15.0.tar.gz", hash = "sha256:920f0d66a896c2d99f0adbb391f990a84091179542c205fa53ce5787aff87954"},
]
et-xmlfile = [
    {file = "et_xmlfile-1.1.0-py3-none-any.whl", hash = "sha256:a2ba85d1d6a74ef63837eed693bcb89c3f752169b0e3e7ae5b16ca5e1b3deada"},
    {file = "et_xmlfile-1.1.0.tar.gz", hash = "sha256:8eb9e2bc2f8c97e37a2dc85a09ecdcdec9d8a396530a6d5a33b30b9a92da0c5c"},
]
numpy = [
    {file = "numpy-1.21.4-cp310-cp310-macosx_10_9_universal2.whl", hash = "sha256:8890b3360f345e8360133bc078d2dacc2843b6ee6059b568781b15b97acbe39f"},
    {file = "numpy-1.21.4-cp310-cp310-macosx_10_9_x86_64.whl", hash = "sha256:69077388c5a4b997442b843dbdc3a85b420fb693ec8e33020bb24d647c164fa5"},
    {file = "numpy-1.21.4-cp310-cp310-macosx_11_0_arm64.whl", hash = "sha256:e89717274b41ebd568cd7943fc9418eeb49b1785b66031bc8a7f6300463c5898"},
    {file = "numpy-1.21.4-cp310-cp310-manylinux_2_17_aarch64.manylinux2014_aarch64.whl", hash = "sha256:0b78ecfa070460104934e2caf51694ccd00f37d5e5dbe76f021b1b0b0d221823"},
    {file = "numpy-1.21.4-cp310-cp310-manylinux_2_17_x86_64.manylinux2014_x86_64.whl", hash = "sha256:615d4e328af7204c13ae3d4df7615a13ff60a49cb0d9106fde07f541207883ca"},
    {file = "numpy-1.21.4-cp310-cp310-win_amd64.whl", hash = "sha256:1403b4e2181fc72664737d848b60e65150f272fe5a1c1cbc16145ed43884065a"},
    {file = "numpy-1.21.4-cp37-cp37m-macosx_10_9_x86_64.whl", hash = "sha256:74b85a17528ca60cf98381a5e779fc0264b4a88b46025e6bcbe9621f46bb3e63"},
    {file = "numpy-1.21.4-cp37-cp37m-manylinux_2_12_i686.manylinux2010_i686.whl", hash = "sha256:92aafa03da8658609f59f18722b88f0a73a249101169e28415b4fa148caf7e41"},
    {file = "numpy-1.21.4-cp37-cp37m-manylinux_2_12_x86_64.manylinux2010_x86_64.whl", hash = "sha256:5d95668e727c75b3f5088ec7700e260f90ec83f488e4c0aaccb941148b2cd377"},
    {file = "numpy-1.21.4-cp37-cp37m-manylinux_2_17_aarch64.manylinux2014_aarch64.whl", hash = "sha256:f5162ec777ba7138906c9c274353ece5603646c6965570d82905546579573f73"},
    {file = "numpy-1.21.4-cp37-cp37m-win32.whl", hash = "sha256:81225e58ef5fce7f1d80399575576fc5febec79a8a2742e8ef86d7b03beef49f"},
    {file = "numpy-1.21.4-cp37-cp37m-win_amd64.whl", hash = "sha256:32fe5b12061f6446adcbb32cf4060a14741f9c21e15aaee59a207b6ce6423469"},
    {file = "numpy-1.21.4-cp38-cp38-macosx_10_9_universal2.whl", hash = "sha256:c449eb870616a7b62e097982c622d2577b3dbc800aaf8689254ec6e0197cbf1e"},
    {file = "numpy-1.21.4-cp38-cp38-macosx_10_9_x86_64.whl", hash = "sha256:2e4ed57f45f0aa38beca2a03b6532e70e548faf2debbeb3291cfc9b315d9be8f"},
    {file = "numpy-1.21.4-cp38-cp38-macosx_11_0_arm64.whl", hash = "sha256:1247ef28387b7bb7f21caf2dbe4767f4f4175df44d30604d42ad9bd701ebb31f"},
    {file = "numpy-1.21.4-cp38-cp38-manylinux_2_12_i686.manylinux2010_i686.whl", hash = "sha256:34f3456f530ae8b44231c63082c8899fe9c983fd9b108c997c4b1c8c2d435333"},
    {file = "numpy-1.21.4-cp38-cp38-manylinux_2_12_x86_64.manylinux2010_x86_64.whl", hash = "sha256:4c9c23158b87ed0e70d9a50c67e5c0b3f75bcf2581a8e34668d4e9d7474d76c6"},
    {file = "numpy-1.21.4-cp38-cp38-manylinux_2_17_aarch64.manylinux2014_aarch64.whl", hash = "sha256:e4799be6a2d7d3c33699a6f77201836ac975b2e1b98c2a07f66a38f499cb50ce"},
    {file = "numpy-1.21.4-cp38-cp38-win32.whl", hash = "sha256:bc988afcea53e6156546e5b2885b7efab089570783d9d82caf1cfd323b0bb3dd"},
    {file = "numpy-1.21.4-cp38-cp38-win_amd64.whl", hash = "sha256:170b2a0805c6891ca78c1d96ee72e4c3ed1ae0a992c75444b6ab20ff038ba2cd"},
    {file = "numpy-1.21.4-cp39-cp39-macosx_10_9_universal2.whl", hash = "sha256:fde96af889262e85aa033f8ee1d3241e32bf36228318a61f1ace579df4e8170d"},
    {file = "numpy-1.21.4-cp39-cp39-macosx_10_9_x86_64.whl", hash = "sha256:c885bfc07f77e8fee3dc879152ba993732601f1f11de248d4f357f0ffea6a6d4"},
    {file = "numpy-1.21.4-cp39-cp39-macosx_11_0_arm64.whl", hash = "sha256:9e6f5f50d1eff2f2f752b3089a118aee1ea0da63d56c44f3865681009b0af162"},
    {file = "numpy-1.21.4-cp39-cp39-manylinux_2_12_i686.manylinux2010_i686.whl", hash = "sha256:ad010846cdffe7ec27e3f933397f8a8d6c801a48634f419e3d075db27acf5880"},
    {file = "numpy-1.21.4-cp39-cp39-manylinux_2_12_x86_64.manylinux2010_x86_64.whl", hash = "sha256:c74c699b122918a6c4611285cc2cad4a3aafdb135c22a16ec483340ef97d573c"},
    {file = "numpy-1.21.4-cp39-cp39-manylinux_2_17_aarch64.manylinux2014_aarch64.whl", hash = "sha256:9864424631775b0c052f3bd98bc2712d131b3e2cd95d1c0c68b91709170890b0"},
    {file = "numpy-1.21.4-cp39-cp39-win32.whl", hash = "sha256:b1e2312f5b8843a3e4e8224b2b48fe16119617b8fc0a54df8f50098721b5bed2"},
    {file = "numpy-1.21.4-cp39-cp39-win_amd64.whl", hash = "sha256:e3c3e990274444031482a31280bf48674441e0a5b55ddb168f3a6db3e0c38ec8"},
    {file = "numpy-1.21.4-pp37-pypy37_pp73-manylinux_2_12_x86_64.manylinux2010_x86_64.whl", hash = "sha256:a3deb31bc84f2b42584b8c4001c85d1934dbfb4030827110bc36bfd11509b7bf"},
    {file = "numpy-1.21.4.zip", hash = "sha256:e6c76a87633aa3fa16614b61ccedfae45b91df2767cf097aa9c933932a7ed1e0"},
]
openpyxl = [
    {file = "openpyxl-3.0.9-py2.py3-none-any.whl", hash = "sha256:8f3b11bd896a95468a4ab162fc4fcd260d46157155d1f8bfaabb99d88cfcf79f"},
    {file = "openpyxl-3.0.9.tar.gz", hash = "sha256:40f568b9829bf9e446acfffce30250ac1fa39035124d55fc024025c41481c90f"},
]
pandas = [
    {file = "pandas-1.3.4-cp310-cp310-macosx_10_9_universal2.whl", hash = "sha256:9707bdc1ea9639c886b4d3be6e2a45812c1ac0c2080f94c31b71c9fa35556f9b"},
    {file = "pandas-1.3.4-cp310-cp310-macosx_11_0_arm64.whl", hash = "sha256:c2f44425594ae85e119459bb5abb0748d76ef01d9c08583a667e3339e134218e"},
    {file = "pandas-1.3.4-cp310-cp310-manylinux_2_17_aarch64.manylinux2014_aarch64.whl", hash = "sha256:372d72a3d8a5f2dbaf566a5fa5fa7f230842ac80f29a931fb4b071502cf86b9a"},
    {file = "pandas-1.3.4-cp310-cp310-manylinux_2_17_x86_64.manylinux2014_x86_64.whl", hash = "sha256:d99d2350adb7b6c3f7f8f0e5dfb7d34ff8dd4bc0a53e62c445b7e43e163fce63"},
    {file = "pandas-1.3.4-cp310-cp310-win_amd64.whl", hash = "sha256:4acc28364863127bca1029fb72228e6f473bb50c32e77155e80b410e2068eeac"},
    {file = "pandas-1.3.4-cp37-cp37m-macosx_10_9_x86_64.whl", hash = "sha256:c2646458e1dce44df9f71a01dc65f7e8fa4307f29e5c0f2f92c97f47a5bf22f5"},
    {file = "pandas-1.3.4-cp37-cp37m-manylinux_2_17_aarch64.manylinux2014_aarch64.whl", hash = "sha256:5298a733e5bfbb761181fd4672c36d0c627320eb999c59c65156c6a90c7e1b4f"},
    {file = "pandas-1.3.4-cp37-cp37m-manylinux_2_17_x86_64.manylinux2014_x86_64.whl", hash = "sha256:22808afb8f96e2269dcc5b846decacb2f526dd0b47baebc63d913bf847317c8f"},
    {file = "pandas-1.3.4-cp37-cp37m-manylinux_2_5_i686.manylinux1_i686.manylinux_2_17_i686.manylinux2014_i686.whl", hash = "sha256:b528e126c13816a4374e56b7b18bfe91f7a7f6576d1aadba5dee6a87a7f479ae"},
    {file = "pandas-1.3.4-cp37-cp37m-win32.whl", hash = "sha256:fe48e4925455c964db914b958f6e7032d285848b7538a5e1b19aeb26ffaea3ec"},
    {file = "pandas-1.3.4-cp37-cp37m-win_amd64.whl", hash = "sha256:eaca36a80acaacb8183930e2e5ad7f71539a66805d6204ea88736570b2876a7b"},
    {file = "pandas-1.3.4-cp38-cp38-macosx_10_9_x86_64.whl", hash = "sha256:42493f8ae67918bf129869abea8204df899902287a7f5eaf596c8e54e0ac7ff4"},
    {file = "pandas-1.3.4-cp38-cp38-manylinux_2_17_aarch64.manylinux2014_aarch64.whl", hash = "sha256:a388960f979665b447f0847626e40f99af8cf191bce9dc571d716433130cb3a7"},
    {file = "pandas-1.3.4-cp38-cp38-manylinux_2_17_x86_64.manylinux2014_x86_64.whl", hash = "sha256:5ba0aac1397e1d7b654fccf263a4798a9e84ef749866060d19e577e927d66e1b"},
    {file = "pandas-1.3.4-cp38-cp38-manylinux_2_5_i686.manylinux1_i686.manylinux_2_17_i686.manylinux2014_i686.whl", hash = "sha256:f567e972dce3bbc3a8076e0b675273b4a9e8576ac629149cf8286ee13c259ae5"},
    {file = "pandas-1.3.4-cp38-cp38-win32.whl", hash = "sha256:c1aa4de4919358c5ef119f6377bc5964b3a7023c23e845d9db7d9016fa0c5b1c"},
    {file = "pandas-1.3.4-cp38-cp38-win_amd64.whl", hash = "sha256:dd324f8ee05925ee85de0ea3f0d66e1362e8c80799eb4eb04927d32335a3e44a"},
    {file = "pandas-1.3.4-cp39-cp39-macosx_10_9_x86_64.whl", hash = "sha256:d47750cf07dee6b55d8423471be70d627314277976ff2edd1381f02d52dbadf9"},
    {file = "pandas-1.3.4-cp39-cp39-manylinux_2_17_aarch64.manylinux2014_aarch64.whl", hash = "sha256:2d1dc09c0013d8faa7474574d61b575f9af6257ab95c93dcf33a14fd8d2c1bab"},
    {file = "pandas-1.3.4-cp39-cp39-manylinux_2_17_x86_64.manylinux2014_x86_64.whl", hash = "sha256:10e10a2527db79af6e830c3d5842a4d60383b162885270f8cffc15abca4ba4a9"},
    {file = "pandas-1.3.4-cp39-cp39-manylinux_2_5_i686.manylinux1_i686.manylinux_2_17_i686.manylinux2014_i686.whl", hash = "sha256:35c77609acd2e4d517da41bae0c11c70d31c87aae8dd1aabd2670906c6d2c143"},
    {file = "pandas-1.3.4-cp39-cp39-win32.whl", hash = "sha256:003ba92db58b71a5f8add604a17a059f3068ef4e8c0c365b088468d0d64935fd"},
    {file = "pandas-1.3.4-cp39-cp39-win_amd64.whl", hash = "sha256:a51528192755f7429c5bcc9e80832c517340317c861318fea9cea081b57c9afd"},
    {file = "pandas-1.3.4.tar.gz", hash = "sha256:a2aa18d3f0b7d538e21932f637fbfe8518d085238b429e4790a35e1e44a96ffc"},
]
pycparser = [
    {file = "pycparser-2.21-py2.py3-none-any.whl", hash = "sha256:8ee45429555515e1f6b185e78100aea234072576aa43ab53aefcae078162fca9"},
    {file = "pycparser-2.21.tar.gz", hash = "sha256:e644fdec12f7872f86c58ff790da456218b10f863970249516d60a5eaca77206"},
]
pygit2 = [
    {file = "pygit2-1.7.1-cp310-cp310-macosx_10_9_universal2.whl", hash = "sha256:8cdb0b1d6c3d24b44f340fed143b16e64ba23fe2a449f1a5db87aaf9339a9dbe"},
    {file = "pygit2-1.7.1-cp310-cp310-manylinux_2_17_aarch64.manylinux2014_aarch64.whl", hash = "sha256:cdfa61c0428a8182e5a6a1161c017b824cd511574f080a40b10d6413774eb0ca"},
    {file = "pygit2-1.7.1-cp310-cp310-manylinux_2_17_x86_64.manylinux2014_x86_64.whl", hash = "sha256:df4c477bdfac85d32a1e3180282cd829a0980aa69be9bd0f7cbd4db1778ca72b"},
    {file = "pygit2-1.7.1-cp310-cp310-win32.whl", hash = "sha256:7cc2a8e29cc9598310a78cf58b70d9331277cf374802be8f97d97c4a9e5d8387"},
    {file = "pygit2-1.7.1-cp310-cp310-win_amd64.whl", hash = "sha256:a75bcde32238c77eb0cf7d9698a5aa899408d7ad999a5920a29a7c4b80fdeaa7"},
    {file = "pygit2-1.7.1-cp37-cp37m-macosx_10_9_x86_64.whl", hash = "sha256:fec17e2da668e6bb192d777417aad9c7ca924a166d0a0b9a81a11e00362b1bc7"},
    {file = "pygit2-1.7.1-cp37-cp37m-manylinux_2_17_aarch64.manylinux2014_aarch64.whl", hash = "sha256:91b77a305d8d18b649396e66e832d654cd593a3d29b5728f753f254a04533812"},
    {file = "pygit2-1.7.1-cp37-cp37m-manylinux_2_17_x86_64.manylinux2014_x86_64.whl", hash = "sha256:eced3529bafcaaac015d08dfaa743b3cbad37fcd5b13ae9d280b8b7f716ec5ce"},
    {file = "pygit2-1.7.1-cp37-cp37m-win32.whl", hash = "sha256:56e960dc74f4582bfa3ca17a1a9d542732fc93b5cf8f82574c235d06b2d61eae"},
    {file = "pygit2-1.7.1-cp37-cp37m-win_amd64.whl", hash = "sha256:6b17ab922c2a2d99b30ab9222472b07732bf7261d9f9655a4ea23b4c700049d8"},
    {file = "pygit2-1.7.1-cp38-cp38-macosx_10_9_x86_64.whl", hash = "sha256:761a8850e33822796c1c24d411d5cc2460c04e1a74b04ae8560efd3596bbd6bd"},
    {file = "pygit2-1.7.1-cp38-cp38-manylinux_2_17_aarch64.manylinux2014_aarch64.whl", hash = "sha256:4cb0414df6089d0072ebe93ff2f34730737172dd5f0e72289567d06a6caf09c0"},
    {file = "pygit2-1.7.1-cp38-cp38-manylinux_2_17_x86_64.manylinux2014_x86_64.whl", hash = "sha256:b060240cf3038e7a0706bbfc5436dd03b8d5ac797ac1d512b613f4d04b974c80"},
    {file = "pygit2-1.7.1-cp38-cp38-win32.whl", hash = "sha256:73a7b471f22cb59e8729016de1f447c472b3b2c1cc2b622194e5e3b48a7f5776"},
    {file = "pygit2-1.7.1-cp38-cp38-win_amd64.whl", hash = "sha256:3ddacbf461652d3d4900382f821d9fbd5ae2dedecd7862b5245842419ad0ccba"},
    {file = "pygit2-1.7.1-cp39-cp39-macosx_10_9_x86_64.whl", hash = "sha256:7c467e81158f5827b3bca6362e5cc9b92857eff9de65034d338c1f18524b09be"},
    {file = "pygit2-1.7.1-cp39-cp39-manylinux_2_17_aarch64.manylinux2014_aarch64.whl", hash = "sha256:7c56e10592e62610a19bd3e2a633aafe3488c57b906c7c2fde0299937f0f0b2f"},
    {file = "pygit2-1.7.1-cp39-cp39-manylinux_2_17_x86_64.manylinux2014_x86_64.whl", hash = "sha256:812670f7994f31778e873a9eced29d2bbfa91674e8be0ab1e974c8a4bda9cbab"},
    {file = "pygit2-1.7.1-cp39-cp39-win32.whl", hash = "sha256:d831825ad9c3b3c28e6b3ef8a2401ad2d3fd4db5455427ff27175a7e254e2592"},
    {file = "pygit2-1.7.1-cp39-cp39-win_amd64.whl", hash = "sha256:2c9e95efb86c0b32cc07c26be3d179e851ca4a7899c47fef63c4203963144f5e"},
    {file = "pygit2-1.7.1.tar.gz", hash = "sha256:d7faa29558436decc2e78110f38d6677eb366b683ba5cdc2803d47195711165d"},
]
python-dateutil = [
    {file = "python-dateutil-2.8.2.tar.gz", hash = "sha256:0123cacc1627ae19ddf3c27a5de5bd67ee4586fbdd6440d9748f8abb483d3e86"},
    {file = "python_dateutil-2.8.2-py2.py3-none-any.whl", hash = "sha256:961d03dc3453ebbc59dbdea9e4e11c5651520a876d0f4db161e8674aae935da9"},
]
pytz = [
    {file = "pytz-2021.3-py2.py3-none-any.whl", hash = "sha256:3672058bc3453457b622aab7a1c3bfd5ab0bdae451512f6cf25f64ed37f5b87c"},
    {file = "pytz-2021.3.tar.gz", hash = "sha256:acad2d8b20a1af07d4e4c9d2e9285c5ed9104354062f275f3fcd88dcef4f1326"},
]
six = [
    {file = "six-1.16.0-py2.py3-none-any.whl", hash = "sha256:8abb2f1d86890a2dfb989f9a77cfcfd3e47c2a354b01111771326f8aa26e0254"},
    {file = "six-1.16.0.tar.gz", hash = "sha256:1e61c37477a1626458e36f7b1d82aa5c9b094fa4802892072e49de9c60c4c926"},
]
